{
  "name": "barcode-reader",
  "version": "1.0.0",
  "lockfileVersion": 3,
  "requires": true,
  "packages": {
    "": {
      "name": "barcode-reader",
      "version": "1.0.0",
      "license": "ISC",
      "dependencies": {
        "@undecaf/barcode-detector-polyfill": "^0.9.20"
      }
    },
    "node_modules/@undecaf/barcode-detector-polyfill": {
      "version": "0.9.20",
      "resolved": "https://registry.npmjs.org/@undecaf/barcode-detector-polyfill/-/barcode-detector-polyfill-0.9.20.tgz",
      "integrity": "sha512-fD/7WjfhhCPJjNzVUyP1TNv29YzrsD6DO9mTdH5Xi9fbpg4VJdsqjiFxkat4//j7Y2xEADXIxzC/SvGdjMxDng==",
      "dependencies": {
        "@undecaf/zbar-wasm": "^0.9.15"
      }
    },
    "node_modules/@undecaf/zbar-wasm": {
      "version": "0.9.16",
      "resolved": "https://registry.npmjs.org/@undecaf/zbar-wasm/-/zbar-wasm-0.9.16.tgz",
      "integrity": "sha512-T5PcT6g+tLScGjR4WmnRErNvfKqEc3kRg2ux14wHmIDNbvNeXa0BkFK19PRK/jb6zGy5NyWtn4ko6KeNuZc/fQ==",
      "dependencies": {
        "jschardet": "^3.0.0"
      }
    },
    "node_modules/jschardet": {
      "version": "3.1.2",
      "resolved": "https://registry.npmjs.org/jschardet/-/jschardet-3.1.2.tgz",
      "integrity": "sha512-mw3CBZGzW8nUBPYhFU2ztZ/kJ6NClQUQVpyzvFMfznZsoC///ZQ30J2RCUanNsr5yF22LqhgYr/lj807/ZleWA==",
      "engines": {
        "node": ">=0.1.90"
      }
    }
  }
}
